
Microsoft Visual Studio Solution File, Format Version 12.00
# Visual Studio 14
VisualStudioVersion = 14.0.25123.0
MinimumVisualStudioVersion = 10.0.40219.1
Project("{2150E333-8FDC-42A3-9474-1A3956D46DE8}") = "Solution Items", "Solution Items", "{30F29216-EED7-44CB-BF5B-16D5017A00A1}"
	ProjectSection(SolutionItems) = preProject
		global.json = global.json
	EndProjectSection
EndProject
Project("{8BB2217D-0F2D-49D1-97BC-3654ED321F3B}") = "RioSharp", "RioSharp\RioSharp.xproj", "{36DDDB67-1DA4-4670-9D20-605AA2EAF1D3}"
EndProject
Project("{8BB2217D-0F2D-49D1-97BC-3654ED321F3B}") = "RioSharp.BenchClient", "RioSharp.BenchClient\RioSharp.BenchClient.xproj", "{438C1AD6-5537-4156-BC5B-BCAC72B71FDF}"
EndProject
Project("{8BB2217D-0F2D-49D1-97BC-3654ED321F3B}") = "RioSharp.BenchServer", "RioSharp.BenchServer\RioSharp.BenchServer.xproj", "{D1D9B300-0369-4E0E-A3FC-8C4ACDD294A4}"
EndProject
Project("{8BB2217D-0F2D-49D1-97BC-3654ED321F3B}") = "RioSharpCtsTraffic", "RioSharpCtsTraffic\RioSharpCtsTraffic.xproj", "{67365BAE-4F1B-43B3-AD57-86551B330889}"
EndProject
Project("{FAE04EC0-301F-11D3-BF4B-00C04F79EFBC}") = "RioSharp.BenchClient46", "RioSharp.BenchClient46\RioSharp.BenchClient46.csproj", "{D3344BC8-690E-4225-AB5D-5E4B76DEFE6E}"
EndProject
Project("{FAE04EC0-301F-11D3-BF4B-00C04F79EFBC}") = "RioSharp.BenchServer46", "RioSharp.BenchServer46\RioSharp.BenchServer46.csproj", "{4C3356B2-F358-43B2-8709-8FEBD913F856}"
EndProject
Project("{FAE04EC0-301F-11D3-BF4B-00C04F79EFBC}") = "RioSharp46", "RioSharp46\RioSharp46.csproj", "{EE898441-8293-41CA-B9D9-E4B45BCEAD44}"
EndProject
Global
	GlobalSection(Performance) = preSolution
		HasPerformanceSessions = true
	EndGlobalSection
	GlobalSection(SolutionConfigurationPlatforms) = preSolution
		Debug|Any CPU = Debug|Any CPU
		Release|Any CPU = Release|Any CPU
	EndGlobalSection
	GlobalSection(ProjectConfigurationPlatforms) = postSolution
		{36DDDB67-1DA4-4670-9D20-605AA2EAF1D3}.Debug|Any CPU.ActiveCfg = Debug|Any CPU
		{36DDDB67-1DA4-4670-9D20-605AA2EAF1D3}.Debug|Any CPU.Build.0 = Debug|Any CPU
		{36DDDB67-1DA4-4670-9D20-605AA2EAF1D3}.Release|Any CPU.ActiveCfg = Release|Any CPU
		{36DDDB67-1DA4-4670-9D20-605AA2EAF1D3}.Release|Any CPU.Build.0 = Release|Any CPU
		{438C1AD6-5537-4156-BC5B-BCAC72B71FDF}.Debug|Any CPU.ActiveCfg = Debug|Any CPU
		{438C1AD6-5537-4156-BC5B-BCAC72B71FDF}.Debug|Any CPU.Build.0 = Debug|Any CPU
		{438C1AD6-5537-4156-BC5B-BCAC72B71FDF}.Release|Any CPU.ActiveCfg = Release|Any CPU
		{438C1AD6-5537-4156-BC5B-BCAC72B71FDF}.Release|Any CPU.Build.0 = Release|Any CPU
		{D1D9B300-0369-4E0E-A3FC-8C4ACDD294A4}.Debug|Any CPU.ActiveCfg = Debug|Any CPU
		{D1D9B300-0369-4E0E-A3FC-8C4ACDD294A4}.Debug|Any CPU.Build.0 = Debug|Any CPU
		{D1D9B300-0369-4E0E-A3FC-8C4ACDD294A4}.Release|Any CPU.ActiveCfg = Release|Any CPU
		{D1D9B300-0369-4E0E-A3FC-8C4ACDD294A4}.Release|Any CPU.Build.0 = Release|Any CPU
		{67365BAE-4F1B-43B3-AD57-86551B330889}.Debug|Any CPU.ActiveCfg = Debug|Any CPU
		{67365BAE-4F1B-43B3-AD57-86551B330889}.Debug|Any CPU.Build.0 = Debug|Any CPU
		{67365BAE-4F1B-43B3-AD57-86551B330889}.Release|Any CPU.ActiveCfg = Release|Any CPU
		{67365BAE-4F1B-43B3-AD57-86551B330889}.Release|Any CPU.Build.0 = Release|Any CPU
		{D3344BC8-690E-4225-AB5D-5E4B76DEFE6E}.Debug|Any CPU.ActiveCfg = Debug|Any CPU
		{D3344BC8-690E-4225-AB5D-5E4B76DEFE6E}.Debug|Any CPU.Build.0 = Debug|Any CPU
		{D3344BC8-690E-4225-AB5D-5E4B76DEFE6E}.Release|Any CPU.ActiveCfg = Release|Any CPU
		{D3344BC8-690E-4225-AB5D-5E4B76DEFE6E}.Release|Any CPU.Build.0 = Release|Any CPU
		{4C3356B2-F358-43B2-8709-8FEBD913F856}.Debug|Any CPU.ActiveCfg = Debug|Any CPU
		{4C3356B2-F358-43B2-8709-8FEBD913F856}.Debug|Any CPU.Build.0 = Debug|Any CPU
		{4C3356B2-F358-43B2-8709-8FEBD913F856}.Release|Any CPU.ActiveCfg = Release|Any CPU
		{4C3356B2-F358-43B2-8709-8FEBD913F856}.Release|Any CPU.Build.0 = Release|Any CPU
		{EE898441-8293-41CA-B9D9-E4B45BCEAD44}.Debug|Any CPU.ActiveCfg = Debug|Any CPU
		{EE898441-8293-41CA-B9D9-E4B45BCEAD44}.Debug|Any CPU.Build.0 = Debug|Any CPU
		{EE898441-8293-41CA-B9D9-E4B45BCEAD44}.Release|Any CPU.ActiveCfg = Release|Any CPU
		{EE898441-8293-41CA-B9D9-E4B45BCEAD44}.Release|Any CPU.Build.0 = Release|Any CPU
	EndGlobalSection
	GlobalSection(SolutionProperties) = preSolution
		HideSolutionNode = FALSE
	EndGlobalSection
EndGlobal
